github.com/gabriel-vasile/mimetype v1.2.0 h1:A6z5J8OhjiWFV91sQ3dMI8apYu/tvP9keDaMM3Xu6p4=
github.com/gabriel-vasile/mimetype v1.2.0/go.mod h1:6CDPel/o/3/s4+bp6kIbsWATq8pmgOisOPG40CJa6To=
github.com/nwaples/rardecode v1.1.0 h1:vSxaY8vQhOcVr4mm5e8XllHWTiM4JF507A0Katqw7MQ=
github.com/nwaples/rardecode v1.1.0/go.mod h1:5DzqNKiOdpKKBH87u8VlvAnPZMXcGRhxWkRpHbbfGS0=
